{
  "object": {
    "pins": [
      {
        "package": "ShellOut",
        "repositoryURL": "https://github.com/tcamin/ShellOut.git",
        "state": {
          "branch": "master",
          "revision": "93b2ab645196d77d1142b80d3da2edc86905df8f",
          "version": null
        }
      }
    ]
  },
  "version": 1
}
